
Microsoft Visual Studio Solution File, Format Version 12.00
# Visual Studio 15
VisualStudioVersion = 15.0.27004.2005
MinimumVisualStudioVersion = 10.0.40219.1
Project("{FAE04EC0-301F-11D3-BF4B-00C04F79EFBC}") = "FormBuilder", "FormBuilder\FormBuilder.csproj", "{2574F603-4B6C-4A30-BFDD-E3BC09EEDFDF}"
EndProject
Project("{FAE04EC0-301F-11D3-BF4B-00C04F79EFBC}") = "dist", "dist\dist.csproj", "{C7F259E5-8346-4625-928E-25C346367D4B}"
	ProjectSection(ProjectDependencies) = postProject
		{2574F603-4B6C-4A30-BFDD-E3BC09EEDFDF} = {2574F603-4B6C-4A30-BFDD-E3BC09EEDFDF}
	EndProjectSection
EndProject
Global
	GlobalSection(SolutionConfigurationPlatforms) = preSolution
		Debug|Any CPU = Debug|Any CPU
		Release|Any CPU = Release|Any CPU
	EndGlobalSection
	GlobalSection(ProjectConfigurationPlatforms) = postSolution
		{2574F603-4B6C-4A30-BFDD-E3BC09EEDFDF}.Debug|Any CPU.ActiveCfg = Debug|Any CPU
		{2574F603-4B6C-4A30-BFDD-E3BC09EEDFDF}.Debug|Any CPU.Build.0 = Debug|Any CPU
		{2574F603-4B6C-4A30-BFDD-E3BC09EEDFDF}.Release|Any CPU.ActiveCfg = Release|Any CPU
		{2574F603-4B6C-4A30-BFDD-E3BC09EEDFDF}.Release|Any CPU.Build.0 = Release|Any CPU
		{C7F259E5-8346-4625-928E-25C346367D4B}.Debug|Any CPU.ActiveCfg = Debug|Any CPU
		{C7F259E5-8346-4625-928E-25C346367D4B}.Debug|Any CPU.Build.0 = Debug|Any CPU
		{C7F259E5-8346-4625-928E-25C346367D4B}.Release|Any CPU.ActiveCfg = Release|Any CPU
		{C7F259E5-8346-4625-928E-25C346367D4B}.Release|Any CPU.Build.0 = Release|Any CPU
	EndGlobalSection
	GlobalSection(SolutionProperties) = preSolution
		HideSolutionNode = FALSE
	EndGlobalSection
	GlobalSection(ExtensibilityGlobals) = postSolution
		SolutionGuid = {4D0657FE-E83D-4883-957C-AE736149DE12}
	EndGlobalSection
EndGlobal
